# This file is automatically @generated by Cargo.
# It is not intended for manual editing.
[[package]]
name = "cc"
version = "1.0.50"
source = "registry+https://github.com/rust-lang/crates.io-index"
checksum = "95e28fa049fda1c330bcf9d723be7663a899c4679724b34c81e9f5a326aab8cd"
dependencies = [
 "jobserver",
]

[[package]]
name = "glob"
version = "0.3.0"
source = "registry+https://github.com/rust-lang/crates.io-index"
checksum = "9b919933a397b79c37e33b77bb2aa3dc8eb6e165ad809e58ff75bc7db2e34574"

[[package]]
name = "half"
version = "1.5.0"
source = "registry+https://github.com/rust-lang/crates.io-index"
checksum = "f36b5f248235f45773d4944f555f83ea61fe07b18b561ccf99d7483d7381e54d"

[[package]]
name = "jobserver"
version = "0.1.21"
source = "registry+https://github.com/rust-lang/crates.io-index"
checksum = "5c71313ebb9439f74b00d9d2dcec36440beaf57a6aa0623068441dd7cd81a7f2"
dependencies = [
 "libc",
]

[[package]]
name = "libc"
version = "0.2.68"
source = "registry+https://github.com/rust-lang/crates.io-index"
checksum = "dea0c0405123bba743ee3f91f49b1c7cfb684eef0da0a50110f758ccf24cdff0"

[[package]]
name = "maplit"
version = "1.0.2"
source = "registry+https://github.com/rust-lang/crates.io-index"
checksum = "3e2e65a1a2e43cfcb47a895c4c8b10d1f4a61097f9f254f183aee60cad9c651d"

[[package]]
name = "reduce"
version = "0.1.2"
source = "registry+https://github.com/rust-lang/crates.io-index"
checksum = "75b1fa5668b02f2a69746bba558f8f98cc087b123a587fd959122872ad9a3f3c"

[[package]]
name = "serde"
version = "1.0.106"
source = "registry+https://github.com/rust-lang/crates.io-index"
checksum = "36df6ac6412072f67cf767ebbde4133a5b2e88e76dc6187fa7104cd16f783399"

[[package]]
name = "serde_cbor"
version = "0.11.1"
source = "registry+https://github.com/rust-lang/crates.io-index"
checksum = "1e18acfa2f90e8b735b2836ab8d538de304cbb6729a7360729ea5a895d15a622"
dependencies = [
 "half",
 "serde",
]

[[package]]
name = "tag-index"
version = "0.1.0"
dependencies = [
 "maplit",
 "reduce",
 "serde",
 "serde_cbor",
 "zstd",
]

[[package]]
name = "zstd"
version = "0.5.1+zstd.1.4.4"
source = "registry+https://github.com/rust-lang/crates.io-index"
checksum = "5c5d978b793ae64375b80baf652919b148f6a496ac8802922d9999f5a553194f"
dependencies = [
 "zstd-safe",
]

[[package]]
name = "zstd-safe"
version = "2.0.3+zstd.1.4.4"
source = "registry+https://github.com/rust-lang/crates.io-index"
checksum = "bee25eac9753cfedd48133fa1736cbd23b774e253d89badbeac7d12b23848d3f"
dependencies = [
 "libc",
 "zstd-sys",
]

[[package]]
name = "zstd-sys"
version = "1.4.15+zstd.1.4.4"
source = "registry+https://github.com/rust-lang/crates.io-index"
checksum = "89719b034dc22d240d5b407fb0a3fe6d29952c181cff9a9f95c0bd40b4f8f7d8"
dependencies = [
 "cc",
 "glob",
 "libc",
]
